
Microsoft Visual Studio Solution File, Format Version 12.00
# Visual Studio Version 16
VisualStudioVersion = 16.0.29409.12
MinimumVisualStudioVersion = 10.0.40219.1
Project("{9A19103F-16F7-4668-BE54-9A1E7A4F7556}") = "ParserLib", "ParserLib\ParserLib.csproj", "{43C44426-830F-4F1B-A1BB-53F5C5A4CBEC}"
EndProject
Project("{9A19103F-16F7-4668-BE54-9A1E7A4F7556}") = "ParserApp", "ParserApp\ParserApp.csproj", "{AC5151FF-7A8E-44B2-A98F-AB66D10E509C}"
EndProject
Project("{2150E333-8FDC-42A3-9474-1A3956D46DE8}") = "Solution Items", "Solution Items", "{A31FCDE5-195A-44BA-B433-3916A5BAA5EA}"
	ProjectSection(SolutionItems) = preProject
		.editorconfig = .editorconfig
	EndProjectSection
EndProject
Global
	GlobalSection(SolutionConfigurationPlatforms) = preSolution
		Debug|Any CPU = Debug|Any CPU
		Release|Any CPU = Release|Any CPU
	EndGlobalSection
	GlobalSection(ProjectConfigurationPlatforms) = postSolution
		{43C44426-830F-4F1B-A1BB-53F5C5A4CBEC}.Debug|Any CPU.ActiveCfg = Debug|Any CPU
		{43C44426-830F-4F1B-A1BB-53F5C5A4CBEC}.Debug|Any CPU.Build.0 = Debug|Any CPU
		{43C44426-830F-4F1B-A1BB-53F5C5A4CBEC}.Release|Any CPU.ActiveCfg = Release|Any CPU
		{43C44426-830F-4F1B-A1BB-53F5C5A4CBEC}.Release|Any CPU.Build.0 = Release|Any CPU
		{AC5151FF-7A8E-44B2-A98F-AB66D10E509C}.Debug|Any CPU.ActiveCfg = Debug|Any CPU
		{AC5151FF-7A8E-44B2-A98F-AB66D10E509C}.Debug|Any CPU.Build.0 = Debug|Any CPU
		{AC5151FF-7A8E-44B2-A98F-AB66D10E509C}.Release|Any CPU.ActiveCfg = Release|Any CPU
		{AC5151FF-7A8E-44B2-A98F-AB66D10E509C}.Release|Any CPU.Build.0 = Release|Any CPU
	EndGlobalSection
	GlobalSection(SolutionProperties) = preSolution
		HideSolutionNode = FALSE
	EndGlobalSection
	GlobalSection(ExtensibilityGlobals) = postSolution
		SolutionGuid = {E24B8A49-1F09-495E-8F35-9B181937132C}
	EndGlobalSection
EndGlobal
